
Microsoft Visual Studio Solution File, Format Version 12.00
# Visual Studio Version 17
VisualStudioVersion = 17.7.34221.43
MinimumVisualStudioVersion = 10.0.40219.1
Project("{9A19103F-16F7-4668-BE54-9A1E7A4F7556}") = "DAL", "DAL\DAL.csproj", "{1B071572-E85F-4831-81AE-4597BEC66E9C}"
EndProject
Project("{FAE04EC0-301F-11D3-BF4B-00C04F79EFBC}") = "BLL", "BLL\BLL.csproj", "{AA4513DA-4878-45ED-A164-39087CC06F86}"
EndProject
Project("{FAE04EC0-301F-11D3-BF4B-00C04F79EFBC}") = "Presentation", "Presentation\Presentation.csproj", "{00BE5ED9-2E79-44CD-9A7C-C4C07977D08D}"
EndProject
Global
	GlobalSection(SolutionConfigurationPlatforms) = preSolution
		Debug|Any CPU = Debug|Any CPU
		Release|Any CPU = Release|Any CPU
	EndGlobalSection
	GlobalSection(ProjectConfigurationPlatforms) = postSolution
		{1B071572-E85F-4831-81AE-4597BEC66E9C}.Debug|Any CPU.ActiveCfg = Debug|Any CPU
		{1B071572-E85F-4831-81AE-4597BEC66E9C}.Debug|Any CPU.Build.0 = Debug|Any CPU
		{1B071572-E85F-4831-81AE-4597BEC66E9C}.Release|Any CPU.ActiveCfg = Release|Any CPU
		{1B071572-E85F-4831-81AE-4597BEC66E9C}.Release|Any CPU.Build.0 = Release|Any CPU
		{AA4513DA-4878-45ED-A164-39087CC06F86}.Debug|Any CPU.ActiveCfg = Debug|Any CPU
		{AA4513DA-4878-45ED-A164-39087CC06F86}.Debug|Any CPU.Build.0 = Debug|Any CPU
		{AA4513DA-4878-45ED-A164-39087CC06F86}.Release|Any CPU.ActiveCfg = Release|Any CPU
		{AA4513DA-4878-45ED-A164-39087CC06F86}.Release|Any CPU.Build.0 = Release|Any CPU
		{00BE5ED9-2E79-44CD-9A7C-C4C07977D08D}.Debug|Any CPU.ActiveCfg = Debug|Any CPU
		{00BE5ED9-2E79-44CD-9A7C-C4C07977D08D}.Debug|Any CPU.Build.0 = Debug|Any CPU
		{00BE5ED9-2E79-44CD-9A7C-C4C07977D08D}.Release|Any CPU.ActiveCfg = Release|Any CPU
		{00BE5ED9-2E79-44CD-9A7C-C4C07977D08D}.Release|Any CPU.Build.0 = Release|Any CPU
	EndGlobalSection
	GlobalSection(SolutionProperties) = preSolution
		HideSolutionNode = FALSE
	EndGlobalSection
	GlobalSection(ExtensibilityGlobals) = postSolution
		SolutionGuid = {A0C3A389-4554-4767-8A8D-DE3A3DA9BE69}
	EndGlobalSection
EndGlobal
