
Microsoft Visual Studio Solution File, Format Version 12.00
# Visual Studio Version 17
VisualStudioVersion = 17.5.33502.453
MinimumVisualStudioVersion = 10.0.40219.1
Project("{FAE04EC0-301F-11D3-BF4B-00C04F79EFBC}") = "DBinit", "DBinit.csproj", "{2919EF82-7DAE-41B2-9512-99E70A0980DA}"
EndProject
Project("{2150E333-8FDC-42A3-9474-1A3956D46DE8}") = "Solution Items", "Solution Items", "{2E7B2E7D-055A-435A-9DA2-B92BFFE738CD}"
EndProject
Global
	GlobalSection(SolutionConfigurationPlatforms) = preSolution
		Debug|Any CPU = Debug|Any CPU
		Release|Any CPU = Release|Any CPU
	EndGlobalSection
	GlobalSection(ProjectConfigurationPlatforms) = postSolution
		{2919EF82-7DAE-41B2-9512-99E70A0980DA}.Debug|Any CPU.ActiveCfg = Debug|Any CPU
		{2919EF82-7DAE-41B2-9512-99E70A0980DA}.Debug|Any CPU.Build.0 = Debug|Any CPU
		{2919EF82-7DAE-41B2-9512-99E70A0980DA}.Release|Any CPU.ActiveCfg = Release|Any CPU
		{2919EF82-7DAE-41B2-9512-99E70A0980DA}.Release|Any CPU.Build.0 = Release|Any CPU
	EndGlobalSection
	GlobalSection(SolutionProperties) = preSolution
		HideSolutionNode = FALSE
	EndGlobalSection
	GlobalSection(ExtensibilityGlobals) = postSolution
		SolutionGuid = {14EEB5CD-48F3-4F5B-B758-59279BCEA857}
	EndGlobalSection
EndGlobal
